
Microsoft Visual Studio Solution File, Format Version 12.00
# Visual Studio Version 16
VisualStudioVersion = 16.0.36324.18
MinimumVisualStudioVersion = 10.0.40219.1
Project("{FAE04EC0-301F-11D3-BF4B-00C04F79EFBC}") = "HW4", "HW4.csproj", "{BFF95D41-A045-488D-9F94-932FD6A917FD}"
EndProject
Global
	GlobalSection(SolutionConfigurationPlatforms) = preSolution
		Debug|Any CPU = Debug|Any CPU
		Release|Any CPU = Release|Any CPU
	EndGlobalSection
	GlobalSection(ProjectConfigurationPlatforms) = postSolution
		{BFF95D41-A045-488D-9F94-932FD6A917FD}.Debug|Any CPU.ActiveCfg = Debug|Any CPU
		{BFF95D41-A045-488D-9F94-932FD6A917FD}.Debug|Any CPU.Build.0 = Debug|Any CPU
		{BFF95D41-A045-488D-9F94-932FD6A917FD}.Release|Any CPU.ActiveCfg = Release|Any CPU
		{BFF95D41-A045-488D-9F94-932FD6A917FD}.Release|Any CPU.Build.0 = Release|Any CPU
	EndGlobalSection
	GlobalSection(SolutionProperties) = preSolution
		HideSolutionNode = FALSE
	EndGlobalSection
	GlobalSection(ExtensibilityGlobals) = postSolution
		SolutionGuid = {7E49406E-A610-4C7A-BB21-DBA90004F348}
	EndGlobalSection
EndGlobal
