
Microsoft Visual Studio Solution File, Format Version 12.00
# Visual Studio Version 16
VisualStudioVersion = 16.0.36324.18
MinimumVisualStudioVersion = 10.0.40219.1
Project("{FAE04EC0-301F-11D3-BF4B-00C04F79EFBC}") = "HW1", "HW1.csproj", "{50983981-2218-45FA-8BF7-89FFBAE234A8}"
EndProject
Global
	GlobalSection(SolutionConfigurationPlatforms) = preSolution
		Debug|Any CPU = Debug|Any CPU
		Release|Any CPU = Release|Any CPU
	EndGlobalSection
	GlobalSection(ProjectConfigurationPlatforms) = postSolution
		{50983981-2218-45FA-8BF7-89FFBAE234A8}.Debug|Any CPU.ActiveCfg = Debug|Any CPU
		{50983981-2218-45FA-8BF7-89FFBAE234A8}.Debug|Any CPU.Build.0 = Debug|Any CPU
		{50983981-2218-45FA-8BF7-89FFBAE234A8}.Release|Any CPU.ActiveCfg = Release|Any CPU
		{50983981-2218-45FA-8BF7-89FFBAE234A8}.Release|Any CPU.Build.0 = Release|Any CPU
	EndGlobalSection
	GlobalSection(SolutionProperties) = preSolution
		HideSolutionNode = FALSE
	EndGlobalSection
	GlobalSection(ExtensibilityGlobals) = postSolution
		SolutionGuid = {F854ADF6-0479-4D0A-9D47-A281C396F5DB}
	EndGlobalSection
EndGlobal
