
Microsoft Visual Studio Solution File, Format Version 12.00
# Visual Studio Version 16
VisualStudioVersion = 16.0.36324.18
MinimumVisualStudioVersion = 10.0.40219.1
Project("{FAE04EC0-301F-11D3-BF4B-00C04F79EFBC}") = "HW3", "HW3.csproj", "{4582EE09-A93A-4887-90D3-FC7CDBCE02F2}"
EndProject
Global
	GlobalSection(SolutionConfigurationPlatforms) = preSolution
		Debug|Any CPU = Debug|Any CPU
		Release|Any CPU = Release|Any CPU
	EndGlobalSection
	GlobalSection(ProjectConfigurationPlatforms) = postSolution
		{4582EE09-A93A-4887-90D3-FC7CDBCE02F2}.Debug|Any CPU.ActiveCfg = Debug|Any CPU
		{4582EE09-A93A-4887-90D3-FC7CDBCE02F2}.Debug|Any CPU.Build.0 = Debug|Any CPU
		{4582EE09-A93A-4887-90D3-FC7CDBCE02F2}.Release|Any CPU.ActiveCfg = Release|Any CPU
		{4582EE09-A93A-4887-90D3-FC7CDBCE02F2}.Release|Any CPU.Build.0 = Release|Any CPU
	EndGlobalSection
	GlobalSection(SolutionProperties) = preSolution
		HideSolutionNode = FALSE
	EndGlobalSection
	GlobalSection(ExtensibilityGlobals) = postSolution
		SolutionGuid = {810F262A-0F62-421C-AD66-61621BA97A3D}
	EndGlobalSection
EndGlobal
